# This file is automatically @generated by Poetry 1.6.1 and should not be changed by hand.

[[package]]
name = "consumable"
version = "1.1.2"
description = "Bool that resets on use."
optional = false
python-versions = ">=3.8,<4.0"
files = [
    {file = "consumable-1.1.2-py3-none-any.whl", hash = "sha256:e316a62990f5047916ac97fceed4ce0722bc1dd970b4350d5f51fd3b3eafe18d"},
    {file = "consumable-1.1.2.tar.gz", hash = "sha256:4a607778daa897429ce41b842fcc8d42b02618bb9745da08be5ca610639c0337"},
]

[metadata]
lock-version = "2.0"
python-versions = "^3.8"
content-hash = "f482d9805731c3e120cb341120531af061d877d1ebbf58644f56eb7587bd38ad"
